
Microsoft Visual Studio Solution File, Format Version 12.00
# Visual Studio Version 17
VisualStudioVersion = 17.4.33403.182
MinimumVisualStudioVersion = 10.0.40219.1
Project("{9A19103F-16F7-4668-BE54-9A1E7A4F7556}") = "ConvertProject.API", "ConvertProject.API\ConvertProject.API.csproj", "{D12DE966-E0D4-499D-A4B7-09F74E54E2D9}"
EndProject
Project("{FAE04EC0-301F-11D3-BF4B-00C04F79EFBC}") = "ConvertProject.Logic", "ConvertProject.Logic\ConvertProject.Logic.csproj", "{0A6A0FBD-2393-49DE-9D91-19A721C8A15C}"
EndProject
Global
	GlobalSection(SolutionConfigurationPlatforms) = preSolution
		Debug|Any CPU = Debug|Any CPU
		Release|Any CPU = Release|Any CPU
	EndGlobalSection
	GlobalSection(ProjectConfigurationPlatforms) = postSolution
		{D12DE966-E0D4-499D-A4B7-09F74E54E2D9}.Debug|Any CPU.ActiveCfg = Debug|Any CPU
		{D12DE966-E0D4-499D-A4B7-09F74E54E2D9}.Debug|Any CPU.Build.0 = Debug|Any CPU
		{D12DE966-E0D4-499D-A4B7-09F74E54E2D9}.Release|Any CPU.ActiveCfg = Release|Any CPU
		{D12DE966-E0D4-499D-A4B7-09F74E54E2D9}.Release|Any CPU.Build.0 = Release|Any CPU
		{0A6A0FBD-2393-49DE-9D91-19A721C8A15C}.Debug|Any CPU.ActiveCfg = Debug|Any CPU
		{0A6A0FBD-2393-49DE-9D91-19A721C8A15C}.Debug|Any CPU.Build.0 = Debug|Any CPU
		{0A6A0FBD-2393-49DE-9D91-19A721C8A15C}.Release|Any CPU.ActiveCfg = Release|Any CPU
		{0A6A0FBD-2393-49DE-9D91-19A721C8A15C}.Release|Any CPU.Build.0 = Release|Any CPU
	EndGlobalSection
	GlobalSection(SolutionProperties) = preSolution
		HideSolutionNode = FALSE
	EndGlobalSection
	GlobalSection(ExtensibilityGlobals) = postSolution
		SolutionGuid = {B4143C2E-DFF3-4CF7-9592-ABDCE27F8C9F}
	EndGlobalSection
EndGlobal
